
Microsoft Visual Studio Solution File, Format Version 12.00
# Visual Studio Version 17
VisualStudioVersion = 17.0.31903.59
MinimumVisualStudioVersion = 10.0.40219.1
Project("{FAE04EC0-301F-11D3-BF4B-00C04F79EFBC}") = "DSPDecompiler", "DSPDecompiler\DSPDecompiler.csproj", "{94908469-D664-4A83-8560-0EF872E729C5}"
EndProject
Project("{FAE04EC0-301F-11D3-BF4B-00C04F79EFBC}") = "ICSharpCode.Decompiler", "..\ILSpy\ICSharpCode.Decompiler\ICSharpCode.Decompiler.csproj", "{E0A4BFA7-7BE8-4670-BA52-8BF456F3A774}"
EndProject
Project("{FAE04EC0-301F-11D3-BF4B-00C04F79EFBC}") = "ICSharpCode.ILSpyX", "..\ILSpy\ICSharpCode.ILSpyX\ICSharpCode.ILSpyX.csproj", "{CB49C42A-5CA4-41D4-83B1-1270866A76A0}"
EndProject
Global
	GlobalSection(SolutionConfigurationPlatforms) = preSolution
		Debug|Any CPU = Debug|Any CPU
		Release|Any CPU = Release|Any CPU
	EndGlobalSection
	GlobalSection(SolutionProperties) = preSolution
		HideSolutionNode = FALSE
	EndGlobalSection
	GlobalSection(ProjectConfigurationPlatforms) = postSolution
		{94908469-D664-4A83-8560-0EF872E729C5}.Debug|Any CPU.ActiveCfg = Debug|Any CPU
		{94908469-D664-4A83-8560-0EF872E729C5}.Debug|Any CPU.Build.0 = Debug|Any CPU
		{94908469-D664-4A83-8560-0EF872E729C5}.Release|Any CPU.ActiveCfg = Release|Any CPU
		{94908469-D664-4A83-8560-0EF872E729C5}.Release|Any CPU.Build.0 = Release|Any CPU
		{E0A4BFA7-7BE8-4670-BA52-8BF456F3A774}.Debug|Any CPU.ActiveCfg = Debug|Any CPU
		{E0A4BFA7-7BE8-4670-BA52-8BF456F3A774}.Debug|Any CPU.Build.0 = Debug|Any CPU
		{E0A4BFA7-7BE8-4670-BA52-8BF456F3A774}.Release|Any CPU.ActiveCfg = Release|Any CPU
		{E0A4BFA7-7BE8-4670-BA52-8BF456F3A774}.Release|Any CPU.Build.0 = Release|Any CPU
		{CB49C42A-5CA4-41D4-83B1-1270866A76A0}.Debug|Any CPU.ActiveCfg = Debug|Any CPU
		{CB49C42A-5CA4-41D4-83B1-1270866A76A0}.Debug|Any CPU.Build.0 = Debug|Any CPU
		{CB49C42A-5CA4-41D4-83B1-1270866A76A0}.Release|Any CPU.ActiveCfg = Release|Any CPU
		{CB49C42A-5CA4-41D4-83B1-1270866A76A0}.Release|Any CPU.Build.0 = Release|Any CPU
	EndGlobalSection
EndGlobal
